
Microsoft Visual Studio Solution File, Format Version 11.00
# Visual Studio 2010
Project("{FAE04EC0-301F-11D3-BF4B-00C04F79EFBC}") = "github-bugger", "github-bugger\github-bugger.csproj", "{56EA577E-70B4-44AF-8EE9-CA984BDE99DC}"
EndProject
Global
	GlobalSection(SolutionConfigurationPlatforms) = preSolution
		Debug|x86 = Debug|x86
		Release|x86 = Release|x86
		AppStore|x86 = AppStore|x86
	EndGlobalSection
	GlobalSection(ProjectConfigurationPlatforms) = postSolution
		{56EA577E-70B4-44AF-8EE9-CA984BDE99DC}.AppStore|x86.ActiveCfg = AppStore|x86
		{56EA577E-70B4-44AF-8EE9-CA984BDE99DC}.AppStore|x86.Build.0 = AppStore|x86
		{56EA577E-70B4-44AF-8EE9-CA984BDE99DC}.Debug|x86.ActiveCfg = Debug|x86
		{56EA577E-70B4-44AF-8EE9-CA984BDE99DC}.Debug|x86.Build.0 = Debug|x86
		{56EA577E-70B4-44AF-8EE9-CA984BDE99DC}.Release|x86.ActiveCfg = Release|x86
		{56EA577E-70B4-44AF-8EE9-CA984BDE99DC}.Release|x86.Build.0 = Release|x86
	EndGlobalSection
	GlobalSection(MonoDevelopProperties) = preSolution
		StartupItem = github-bugger\github-bugger.csproj
	EndGlobalSection
EndGlobal
